// !$*UTF8*$!
{
	archiveVersion = 1;
	classes = {
	};
	objectVersion = 46;
	objects = {

/* Begin PBXBuildFile section */
		1B0EA6801DE9FCAD003223B3 /* AppDelegate.swift in Sources */ = {isa = PBXBuildFile; fileRef = 1B0EA67F1DE9FCAD003223B3 /* AppDelegate.swift */; };
		1B0EA6821DE9FCAD003223B3 /* ViewController.swift in Sources */ = {isa = PBXBuildFile; fileRef = 1B0EA6811DE9FCAD003223B3 /* ViewController.swift */; };
		1B0EA6851DE9FCAD003223B3 /* Main.storyboard in Resources */ = {isa = PBXBuildFile; fileRef = 1B0EA6831DE9FCAD003223B3 /* Main.storyboard */; };
		1B0EA6871DE9FCAD003223B3 /* Assets.xcassets in Resources */ = {isa = PBXBuildFile; fileRef = 1B0EA6861DE9FCAD003223B3 /* Assets.xcassets */; };
		1B0EA68A1DE9FCAD003223B3 /* LaunchScreen.storyboard in Resources */ = {isa = PBXBuildFile; fileRef = 1B0EA6881DE9FCAD003223B3 /* LaunchScreen.storyboard */; };
/* End PBXBuildFile section */

/* Begin PBXFileReference section */
		1B0EA67C1DE9FCAD003223B3 /* Custom-Animation-Segue-Center-Expand.app */ = {isa = PBXFileReference; explicitFileType = wrapper.application; includeInIndex = 0; path = "Custom-Animation-Segue-Center-Expand.app"; sourceTree = BUILT_PRODUCTS_DIR; };
		1B0EA67F1DE9FCAD003223B3 /* AppDelegate.swift */ = {isa = PBXFileReference; lastKnownFileType = sourcecode.swift; path = AppDelegate.swift; sourceTree = "<group>"; };
		1B0EA6811DE9FCAD003223B3 /* ViewController.swift */ = {isa = PBXFileReference; lastKnownFileType = sourcecode.swift; path = ViewController.swift; sourceTree = "<group>"; };
		1B0EA6841DE9FCAD003223B3 /* Base */ = {isa = PBXFileReference; lastKnownFileType = file.storyboard; name = Base; path = Base.lproj/Main.storyboard; sourceTree = "<group>"; };
		1B0EA6861DE9FCAD003223B3 /* Assets.xcassets */ = {isa = PBXFileReference; lastKnownFileType = folder.assetcatalog; path = Assets.xcassets; sourceTree = "<group>"; };
		1B0EA6891DE9FCAD003223B3 /* Base */ = {isa = PBXFileReference; lastKnownFileType = file.storyboard; name = Base; path = Base.lproj/LaunchScreen.storyboard; sourceTree = "<group>"; };
		1B0EA68B1DE9FCAD003223B3 /* Info.plist */ = {isa = PBXFileReference; lastKnownFileType = text.plist.xml; path = Info.plist; sourceTree = "<group>"; };
/* End PBXFileReference section */

/* Begin PBXFrameworksBuildPhase section */
		1B0EA6791DE9FCAD003223B3 /* Frameworks */ = {
			isa = PBXFrameworksBuildPhase;
			buildActionMask = 2147483647;
			files = (
			);
			runOnlyForDeploymentPostprocessing = 0;
		};
/* End PBXFrameworksBuildPhase section */

/* Begin PBXGroup section */
		1B0EA6731DE9FCAD003223B3 = {
			isa = PBXGroup;
			children = (
				1B0EA67E1DE9FCAD003223B3 /* Custom-Animation-Segue-Center-Expand */,
				1B0EA67D1DE9FCAD003223B3 /* Products */,
			);
			sourceTree = "<group>";
		};
		1B0EA67D1DE9FCAD003223B3 /* Products */ = {
			isa = PBXGroup;
			children = (
				1B0EA67C1DE9FCAD003223B3 /* Custom-Animation-Segue-Center-Expand.app */,
			);
			name = Products;
			sourceTree = "<group>";
		};
		1B0EA67E1DE9FCAD003223B3 /* Custom-Animation-Segue-Center-Expand */ = {
			isa = PBXGroup;
			children = (
				1B0EA67F1DE9FCAD003223B3 /* AppDelegate.swift */,
				1B0EA6811DE9FCAD003223B3 /* ViewController.swift */,
				1B0EA6831DE9FCAD003223B3 /* Main.storyboard */,
				1B0EA6861DE9FCAD003223B3 /* Assets.xcassets */,
				1B0EA6881DE9FCAD003223B3 /* LaunchScreen.storyboard */,
				1B0EA68B1DE9FCAD003223B3 /* Info.plist */,
			);
			path = "Custom-Animation-Segue-Center-Expand";
			sourceTree = "<group>";
		};
/* End PBXGroup section */

/* Begin PBXNativeTarget section */
		1B0EA67B1DE9FCAD003223B3 /* Custom-Animation-Segue-Center-Expand */ = {
			isa = PBXNativeTarget;
			buildConfigurationList = 1B0EA68E1DE9FCAD003223B3 /* Build configuration list for PBXNativeTarget "Custom-Animation-Segue-Center-Expand" */;
			buildPhases = (
				1B0EA6781DE9FCAD003223B3 /* Sources */,
				1B0EA6791DE9FCAD003223B3 /* Frameworks */,
				1B0EA67A1DE9FCAD003223B3 /* Resources */,
			);
			buildRules = (
			);
			dependencies = (
			);
			name = "Custom-Animation-Segue-Center-Expand";
			productName = "Custom-Animation-Segue-Center-Expand";
			productReference = 1B0EA67C1DE9FCAD003223B3 /* Custom-Animation-Segue-Center-Expand.app */;
			productType = "com.apple.product-type.application";
		};
/* End PBXNativeTarget section */

/* Begin PBXProject section */
		1B0EA6741DE9FCAD003223B3 /* Project object */ = {
			isa = PBXProject;
			attributes = {
				LastSwiftUpdateCheck = 0800;
				LastUpgradeCheck = 0800;
				ORGANIZATIONNAME = jennyshalai;
				TargetAttributes = {
					1B0EA67B1DE9FCAD003223B3 = {
						CreatedOnToolsVersion = 8.0;
						DevelopmentTeam = T968CB326T;
						ProvisioningStyle = Automatic;
					};
				};
			};
			buildConfigurationList = 1B0EA6771DE9FCAD003223B3 /* Build configuration list for PBXProject "Custom-Animation-Segue-Center-Expand" */;
			compatibilityVersion = "Xcode 3.2";
			developmentRegion = English;
			hasScannedForEncodings = 0;
			knownRegions = (
				en,
				Base,
			);
			mainGroup = 1B0EA6731DE9FCAD003223B3;
			productRefGroup = 1B0EA67D1DE9FCAD003223B3 /* Products */;
			projectDirPath = "";
			projectRoot = "";
			targets = (
				1B0EA67B1DE9FCAD003223B3 /* Custom-Animation-Segue-Center-Expand */,
			);
		};
/* End PBXProject section */

/* Begin PBXResourcesBuildPhase section */
		1B0EA67A1DE9FCAD003223B3 /* Resources */ = {
			isa = PBXResourcesBuildPhase;
			buildActionMask = 2147483647;
			files = (
				1B0EA68A1DE9FCAD003223B3 /* LaunchScreen.storyboard in Resources */,
				1B0EA6871DE9FCAD003223B3 /* Assets.xcassets in Resources */,
				1B0EA6851DE9FCAD003223B3 /* Main.storyboard in Resources */,
			);
			runOnlyForDeploymentPostprocessing = 0;
		};
/* End PBXResourcesBuildPhase section */

/* Begin PBXSourcesBuildPhase section */
		1B0EA6781DE9FCAD003223B3 /* Sources */ = {
			isa = PBXSourcesBuildPhase;
			buildActionMask = 2147483647;
			files = (
				1B0EA6821DE9FCAD003223B3 /* ViewController.swift in Sources */,
				1B0EA6801DE9FCAD003223B3 /* AppDelegate.swift in Sources */,
			);
			runOnlyForDeploymentPostprocessing = 0;
		};
/* End PBXSourcesBuildPhase section */

/* Begin PBXVariantGroup section */
		1B0EA6831DE9FCAD003223B3 /* Main.storyboard */ = {
			isa = PBXVariantGroup;
			children = (
				1B0EA6841DE9FCAD003223B3 /* Base */,
			);
			name = Main.storyboard;
			sourceTree = "<group>";
		};
		1B0EA6881DE9FCAD003223B3 /* LaunchScreen.storyboard */ = {
			isa = PBXVariantGroup;
			children = (
				1B0EA6891DE9FCAD003223B3 /* Base */,
			);
			name = LaunchScreen.storyboard;
			sourceTree = "<group>";
		};
/* End PBXVariantGroup section */

/* Begin XCBuildConfiguration section */
		1B0EA68C1DE9FCAD003223B3 /* Debug */ = {
			isa = XCBuildConfiguration;
			buildSettings = {
				ALWAYS_SEARCH_USER_PATHS = NO;
				CLANG_ANALYZER_NONNULL = YES;
				CLANG_CXX_LANGUAGE_STANDARD = "gnu++0x";
				CLANG_CXX_LIBRARY = "libc++";
				CLANG_ENABLE_MODULES = YES;
				CLANG_ENABLE_OBJC_ARC = YES;
				CLANG_WARN_BOOL_CONVERSION = YES;
				CLANG_WARN_CONSTANT_CONVERSION = YES;
				CLANG_WARN_DIRECT_OBJC_ISA_USAGE = YES_ERROR;
				CLANG_WARN_DOCUMENTATION_COMMENTS = YES;
				CLANG_WARN_EMPTY_BODY = YES;
				CLANG_WARN_ENUM_CONVERSION = YES;
				CLANG_WARN_INFINITE_RECURSION = YES;
				CLANG_WARN_INT_CONVERSION = YES;
				CLANG_WARN_OBJC_ROOT_CLASS = YES_ERROR;
				CLANG_WARN_SUSPICIOUS_MOVES = YES;
				CLANG_WARN_UNREACHABLE_CODE = YES;
				CLANG_WARN__DUPLICATE_METHOD_MATCH = YES;
				"CODE_SIGN_IDENTITY[sdk=iphoneos*]" = "iPhone Developer";
				COPY_PHASE_STRIP = NO;
				DEBUG_INFORMATION_FORMAT = dwarf;
				ENABLE_STRICT_OBJC_MSGSEND = YES;
				ENABLE_TESTABILITY = YES;
				GCC_C_LANGUAGE_STANDARD = gnu99;
				GCC_DYNAMIC_NO_PIC = NO;
				GCC_NO_COMMON_BLOCKS = YES;
				GCC_OPTIMIZATION_LEVEL = 0;
				GCC_PREPROCESSOR_DEFINITIONS = (
					"DEBUG=1",
					"$(inherited)",
				);
				GCC_WARN_64_TO_32_BIT_CONVERSION = YES;
				GCC_WARN_ABOUT_RETURN_TYPE = YES_ERROR;
				GCC_WARN_UNDECLARED_SELECTOR = YES;
				GCC_WARN_UNINITIALIZED_AUTOS = YES_AGGRESSIVE;
				GCC_WARN_UNUSED_FUNCTION = YES;
				GCC_WARN_UNUSED_VARIABLE = YES;
				IPHONEOS_DEPLOYMENT_TARGET = 10.0;
				MTL_ENABLE_DEBUG_INFO = YES;
				ONLY_ACTIVE_ARCH = YES;
				SDKROOT = iphoneos;
				SWIFT_ACTIVE_COMPILATION_CONDITIONS = DEBUG;
				SWIFT_OPTIMIZATION_LEVEL = "-Onone";
				TARGETED_DEVICE_FAMILY = "1,2";
			};
			name = Debug;
		};
		1B0EA68D1DE9FCAD003223B3 /* Release */ = {
			isa = XCBuildConfiguration;
			buildSettings = {
				ALWAYS_SEARCH_USER_PATHS = NO;
				CLANG_ANALYZER_NONNULL = YES;
				CLANG_CXX_LANGUAGE_STANDARD = "gnu++0x";
				CLANG_CXX_LIBRARY = "libc++";
				CLANG_ENABLE_MODULES = YES;
				CLANG_ENABLE_OBJC_ARC = YES;
				CLANG_WARN_BOOL_CONVERSION = YES;
				CLANG_WARN_CONSTANT_CONVERSION = YES;
				CLANG_WARN_DIRECT_OBJC_ISA_USAGE = YES_ERROR;
				CLANG_WARN_DOCUMENTATION_COMMENTS = YES;
				CLANG_WARN_EMPTY_BODY = YES;
				CLANG_WARN_ENUM_CONVERSION = YES;
				CLANG_WARN_INFINITE_RECURSION = YES;
				CLANG_WARN_INT_CONVERSION = YES;
				CLANG_WARN_OBJC_ROOT_CLASS = YES_ERROR;
				CLANG_WARN_SUSPICIOUS_MOVES = YES;
				CLANG_WARN_UNREACHABLE_CODE = YES;
				CLANG_WARN__DUPLICATE_METHOD_MATCH = YES;
				"CODE_SIGN_IDENTITY[sdk=iphoneos*]" = "iPhone Developer";
				COPY_PHASE_STRIP = NO;
				DEBUG_INFORMATION_FORMAT = "dwarf-with-dsym";
				ENABLE_NS_ASSERTIONS = NO;
				ENABLE_STRICT_OBJC_MSGSEND = YES;
				GCC_C_LANGUAGE_STANDARD = gnu99;
				GCC_NO_COMMON_BLOCKS = YES;
				GCC_WARN_64_TO_32_BIT_CONVERSION = YES;
				GCC_WARN_ABOUT_RETURN_TYPE = YES_ERROR;
				GCC_WARN_UNDECLARED_SELECTOR = YES;
				GCC_WARN_UNINITIALIZED_AUTOS = YES_AGGRESSIVE;
				GCC_WARN_UNUSED_FUNCTION = YES;
				GCC_WARN_UNUSED_VARIABLE = YES;
				IPHONEOS_DEPLOYMENT_TARGET = 10.0;
				MTL_ENABLE_DEBUG_INFO = NO;
				SDKROOT = iphoneos;
				SWIFT_OPTIMIZATION_LEVEL = "-Owholemodule";
				TARGETED_DEVICE_FAMILY = "1,2";
				VALIDATE_PRODUCT = YES;
			};
			name = Release;
		};
		1B0EA68F1DE9FCAD003223B3 /* Debug */ = {
			isa = XCBuildConfiguration;
			buildSettings = {
				ASSETCATALOG_COMPILER_APPICON_NAME = AppIcon;
				DEVELOPMENT_TEAM = T968CB326T;
				INFOPLIST_FILE = "Custom-Animation-Segue-Center-Expand/Info.plist";
				LD_RUNPATH_SEARCH_PATHS = "$(inherited) @executable_path/Frameworks";
				PRODUCT_BUNDLE_IDENTIFIER = "shalai.nyc.Custom-Animation-Segue-Center-Expand";
				PRODUCT_NAME = "$(TARGET_NAME)";
				SWIFT_VERSION = 3.0;
			};
			name = Debug;
		};
		1B0EA6901DE9FCAD003223B3 /* Release */ = {
			isa = XCBuildConfiguration;
			buildSettings = {
				ASSETCATALOG_COMPILER_APPICON_NAME = AppIcon;
				DEVELOPMENT_TEAM = T968CB326T;
				INFOPLIST_FILE = "Custom-Animation-Segue-Center-Expand/Info.plist";
				LD_RUNPATH_SEARCH_PATHS = "$(inherited) @executable_path/Frameworks";
				PRODUCT_BUNDLE_IDENTIFIER = "shalai.nyc.Custom-Animation-Segue-Center-Expand";
				PRODUCT_NAME = "$(TARGET_NAME)";
				SWIFT_VERSION = 3.0;
			};
			name = Release;
		};
/* End XCBuildConfiguration section */

/* Begin XCConfigurationList section */
		1B0EA6771DE9FCAD003223B3 /* Build configuration list for PBXProject "Custom-Animation-Segue-Center-Expand" */ = {
			isa = XCConfigurationList;
			buildConfigurations = (
				1B0EA68C1DE9FCAD003223B3 /* Debug */,
				1B0EA68D1DE9FCAD003223B3 /* Release */,
			);
			defaultConfigurationIsVisible = 0;
			defaultConfigurationName = Release;
		};
		1B0EA68E1DE9FCAD003223B3 /* Build configuration list for PBXNativeTarget "Custom-Animation-Segue-Center-Expand" */ = {
			isa = XCConfigurationList;
			buildConfigurations = (
				1B0EA68F1DE9FCAD003223B3 /* Debug */,
				1B0EA6901DE9FCAD003223B3 /* Release */,
			);
			defaultConfigurationIsVisible = 0;
		};
/* End XCConfigurationList section */
	};
	rootObject = 1B0EA6741DE9FCAD003223B3 /* Project object */;
}
